
Microsoft Visual Studio Solution File, Format Version 12.00
# Visual Studio Version 16
VisualStudioVersion = 16.0.31613.86
MinimumVisualStudioVersion = 10.0.40219.1
Project("{FAE04EC0-301F-11D3-BF4B-00C04F79EFBC}") = "u20488212_HW03", "u20488212_HW03.csproj", "{B385D4C5-06AF-4BD2-B345-D2E0CE3CB232}"
EndProject
Global
	GlobalSection(SolutionConfigurationPlatforms) = preSolution
		Debug|Any CPU = Debug|Any CPU
		Release|Any CPU = Release|Any CPU
	EndGlobalSection
	GlobalSection(ProjectConfigurationPlatforms) = postSolution
		{B385D4C5-06AF-4BD2-B345-D2E0CE3CB232}.Debug|Any CPU.ActiveCfg = Debug|Any CPU
		{B385D4C5-06AF-4BD2-B345-D2E0CE3CB232}.Debug|Any CPU.Build.0 = Debug|Any CPU
		{B385D4C5-06AF-4BD2-B345-D2E0CE3CB232}.Release|Any CPU.ActiveCfg = Release|Any CPU
		{B385D4C5-06AF-4BD2-B345-D2E0CE3CB232}.Release|Any CPU.Build.0 = Release|Any CPU
	EndGlobalSection
	GlobalSection(SolutionProperties) = preSolution
		HideSolutionNode = FALSE
	EndGlobalSection
	GlobalSection(ExtensibilityGlobals) = postSolution
		SolutionGuid = {29A55545-7768-4663-BCB5-53E61D1E991D}
	EndGlobalSection
EndGlobal
